
Microsoft Visual Studio Solution File, Format Version 12.00
# Visual Studio Version 16
VisualStudioVersion = 16.0.30225.117
MinimumVisualStudioVersion = 10.0.40219.1
Project("{FAE04EC0-301F-11D3-BF4B-00C04F79EFBC}") = "CTRLapp.UWP", "CTRLapp\CTRLapp.UWP\CTRLapp.UWP.csproj", "{A47D293C-B434-45C4-841F-A5F50AD0A034}"
EndProject
Project("{FAE04EC0-301F-11D3-BF4B-00C04F79EFBC}") = "CTRLapp.Android", "CTRLapp\CTRLapp.Android\CTRLapp.Android.csproj", "{3815B998-143D-462B-862A-8FB40AB4933D}"
EndProject
Project("{FAE04EC0-301F-11D3-BF4B-00C04F79EFBC}") = "CTRLapp.iOS", "CTRLapp\CTRLapp.iOS\CTRLapp.iOS.csproj", "{D126496B-982A-4539-8ED9-575484AE67A6}"
EndProject
Project("{9A19103F-16F7-4668-BE54-9A1E7A4F7556}") = "CTRLapp", "CTRLapp\CTRLapp\CTRLapp.csproj", "{9B66D4C4-16F2-461F-9B3A-03814A2B1B63}"
EndProject
Global
	GlobalSection(SolutionConfigurationPlatforms) = preSolution
		Debug|Any CPU = Debug|Any CPU
		Debug|ARM = Debug|ARM
		Debug|iPhone = Debug|iPhone
		Debug|iPhoneSimulator = Debug|iPhoneSimulator
		Debug|x64 = Debug|x64
		Debug|x86 = Debug|x86
		Release|Any CPU = Release|Any CPU
		Release|ARM = Release|ARM
		Release|iPhone = Release|iPhone
		Release|iPhoneSimulator = Release|iPhoneSimulator
		Release|x64 = Release|x64
		Release|x86 = Release|x86
	EndGlobalSection
	GlobalSection(ProjectConfigurationPlatforms) = postSolution
		{A47D293C-B434-45C4-841F-A5F50AD0A034}.Debug|Any CPU.ActiveCfg = Debug|x86
		{A47D293C-B434-45C4-841F-A5F50AD0A034}.Debug|Any CPU.Build.0 = Debug|x86
		{A47D293C-B434-45C4-841F-A5F50AD0A034}.Debug|Any CPU.Deploy.0 = Debug|x86
		{A47D293C-B434-45C4-841F-A5F50AD0A034}.Debug|ARM.ActiveCfg = Debug|ARM
		{A47D293C-B434-45C4-841F-A5F50AD0A034}.Debug|ARM.Build.0 = Debug|ARM
		{A47D293C-B434-45C4-841F-A5F50AD0A034}.Debug|ARM.Deploy.0 = Debug|ARM
		{A47D293C-B434-45C4-841F-A5F50AD0A034}.Debug|iPhone.ActiveCfg = Debug|x86
		{A47D293C-B434-45C4-841F-A5F50AD0A034}.Debug|iPhone.Build.0 = Debug|x86
		{A47D293C-B434-45C4-841F-A5F50AD0A034}.Debug|iPhone.Deploy.0 = Debug|x86
		{A47D293C-B434-45C4-841F-A5F50AD0A034}.Debug|iPhoneSimulator.ActiveCfg = Debug|x86
		{A47D293C-B434-45C4-841F-A5F50AD0A034}.Debug|iPhoneSimulator.Build.0 = Debug|x86
		{A47D293C-B434-45C4-841F-A5F50AD0A034}.Debug|iPhoneSimulator.Deploy.0 = Debug|x86
		{A47D293C-B434-45C4-841F-A5F50AD0A034}.Debug|x64.ActiveCfg = Debug|x64
		{A47D293C-B434-45C4-841F-A5F50AD0A034}.Debug|x64.Build.0 = Debug|x64
		{A47D293C-B434-45C4-841F-A5F50AD0A034}.Debug|x64.Deploy.0 = Debug|x64
		{A47D293C-B434-45C4-841F-A5F50AD0A034}.Debug|x86.ActiveCfg = Debug|x86
		{A47D293C-B434-45C4-841F-A5F50AD0A034}.Debug|x86.Build.0 = Debug|x86
		{A47D293C-B434-45C4-841F-A5F50AD0A034}.Debug|x86.Deploy.0 = Debug|x86
		{A47D293C-B434-45C4-841F-A5F50AD0A034}.Release|Any CPU.ActiveCfg = Release|x86
		{A47D293C-B434-45C4-841F-A5F50AD0A034}.Release|Any CPU.Build.0 = Release|x86
		{A47D293C-B434-45C4-841F-A5F50AD0A034}.Release|Any CPU.Deploy.0 = Release|x86
		{A47D293C-B434-45C4-841F-A5F50AD0A034}.Release|ARM.ActiveCfg = Release|ARM
		{A47D293C-B434-45C4-841F-A5F50AD0A034}.Release|ARM.Build.0 = Release|ARM
		{A47D293C-B434-45C4-841F-A5F50AD0A034}.Release|ARM.Deploy.0 = Release|ARM
		{A47D293C-B434-45C4-841F-A5F50AD0A034}.Release|iPhone.ActiveCfg = Release|x86
		{A47D293C-B434-45C4-841F-A5F50AD0A034}.Release|iPhone.Build.0 = Release|x86
		{A47D293C-B434-45C4-841F-A5F50AD0A034}.Release|iPhone.Deploy.0 = Release|x86
		{A47D293C-B434-45C4-841F-A5F50AD0A034}.Release|iPhoneSimulator.ActiveCfg = Release|x86
		{A47D293C-B434-45C4-841F-A5F50AD0A034}.Release|iPhoneSimulator.Build.0 = Release|x86
		{A47D293C-B434-45C4-841F-A5F50AD0A034}.Release|iPhoneSimulator.Deploy.0 = Release|x86
		{A47D293C-B434-45C4-841F-A5F50AD0A034}.Release|x64.ActiveCfg = Release|x64
		{A47D293C-B434-45C4-841F-A5F50AD0A034}.Release|x64.Build.0 = Release|x64
		{A47D293C-B434-45C4-841F-A5F50AD0A034}.Release|x64.Deploy.0 = Release|x64
		{A47D293C-B434-45C4-841F-A5F50AD0A034}.Release|x86.ActiveCfg = Release|x86
		{A47D293C-B434-45C4-841F-A5F50AD0A034}.Release|x86.Build.0 = Release|x86
		{A47D293C-B434-45C4-841F-A5F50AD0A034}.Release|x86.Deploy.0 = Release|x86
		{3815B998-143D-462B-862A-8FB40AB4933D}.Debug|Any CPU.ActiveCfg = Debug|Any CPU
		{3815B998-143D-462B-862A-8FB40AB4933D}.Debug|Any CPU.Build.0 = Debug|Any CPU
		{3815B998-143D-462B-862A-8FB40AB4933D}.Debug|Any CPU.Deploy.0 = Debug|Any CPU
		{3815B998-143D-462B-862A-8FB40AB4933D}.Debug|ARM.ActiveCfg = Debug|Any CPU
		{3815B998-143D-462B-862A-8FB40AB4933D}.Debug|ARM.Build.0 = Debug|Any CPU
		{3815B998-143D-462B-862A-8FB40AB4933D}.Debug|ARM.Deploy.0 = Debug|Any CPU
		{3815B998-143D-462B-862A-8FB40AB4933D}.Debug|iPhone.ActiveCfg = Debug|Any CPU
		{3815B998-143D-462B-862A-8FB40AB4933D}.Debug|iPhone.Build.0 = Debug|Any CPU
		{3815B998-143D-462B-862A-8FB40AB4933D}.Debug|iPhone.Deploy.0 = Debug|Any CPU
		{3815B998-143D-462B-862A-8FB40AB4933D}.Debug|iPhoneSimulator.ActiveCfg = Debug|Any CPU
		{3815B998-143D-462B-862A-8FB40AB4933D}.Debug|iPhoneSimulator.Build.0 = Debug|Any CPU
		{3815B998-143D-462B-862A-8FB40AB4933D}.Debug|iPhoneSimulator.Deploy.0 = Debug|Any CPU
		{3815B998-143D-462B-862A-8FB40AB4933D}.Debug|x64.ActiveCfg = Debug|Any CPU
		{3815B998-143D-462B-862A-8FB40AB4933D}.Debug|x64.Build.0 = Debug|Any CPU
		{3815B998-143D-462B-862A-8FB40AB4933D}.Debug|x64.Deploy.0 = Debug|Any CPU
		{3815B998-143D-462B-862A-8FB40AB4933D}.Debug|x86.ActiveCfg = Debug|Any CPU
		{3815B998-143D-462B-862A-8FB40AB4933D}.Debug|x86.Build.0 = Debug|Any CPU
		{3815B998-143D-462B-862A-8FB40AB4933D}.Debug|x86.Deploy.0 = Debug|Any CPU
		{3815B998-143D-462B-862A-8FB40AB4933D}.Release|Any CPU.ActiveCfg = Release|Any CPU
		{3815B998-143D-462B-862A-8FB40AB4933D}.Release|Any CPU.Build.0 = Release|Any CPU
		{3815B998-143D-462B-862A-8FB40AB4933D}.Release|Any CPU.Deploy.0 = Release|Any CPU
		{3815B998-143D-462B-862A-8FB40AB4933D}.Release|ARM.ActiveCfg = Release|Any CPU
		{3815B998-143D-462B-862A-8FB40AB4933D}.Release|ARM.Build.0 = Release|Any CPU
		{3815B998-143D-462B-862A-8FB40AB4933D}.Release|ARM.Deploy.0 = Release|Any CPU
		{3815B998-143D-462B-862A-8FB40AB4933D}.Release|iPhone.ActiveCfg = Release|Any CPU
		{3815B998-143D-462B-862A-8FB40AB4933D}.Release|iPhone.Build.0 = Release|Any CPU
		{3815B998-143D-462B-862A-8FB40AB4933D}.Release|iPhone.Deploy.0 = Release|Any CPU
		{3815B998-143D-462B-862A-8FB40AB4933D}.Release|iPhoneSimulator.ActiveCfg = Release|Any CPU
		{3815B998-143D-462B-862A-8FB40AB4933D}.Release|iPhoneSimulator.Build.0 = Release|Any CPU
		{3815B998-143D-462B-862A-8FB40AB4933D}.Release|iPhoneSimulator.Deploy.0 = Release|Any CPU
		{3815B998-143D-462B-862A-8FB40AB4933D}.Release|x64.ActiveCfg = Release|Any CPU
		{3815B998-143D-462B-862A-8FB40AB4933D}.Release|x64.Build.0 = Release|Any CPU
		{3815B998-143D-462B-862A-8FB40AB4933D}.Release|x64.Deploy.0 = Release|Any CPU
		{3815B998-143D-462B-862A-8FB40AB4933D}.Release|x86.ActiveCfg = Release|Any CPU
		{3815B998-143D-462B-862A-8FB40AB4933D}.Release|x86.Build.0 = Release|Any CPU
		{3815B998-143D-462B-862A-8FB40AB4933D}.Release|x86.Deploy.0 = Release|Any CPU
		{D126496B-982A-4539-8ED9-575484AE67A6}.Debug|Any CPU.ActiveCfg = Debug|iPhone
		{D126496B-982A-4539-8ED9-575484AE67A6}.Debug|Any CPU.Build.0 = Debug|iPhone
		{D126496B-982A-4539-8ED9-575484AE67A6}.Debug|Any CPU.Deploy.0 = Debug|iPhone
		{D126496B-982A-4539-8ED9-575484AE67A6}.Debug|ARM.ActiveCfg = Debug|iPhone
		{D126496B-982A-4539-8ED9-575484AE67A6}.Debug|ARM.Build.0 = Debug|iPhone
		{D126496B-982A-4539-8ED9-575484AE67A6}.Debug|ARM.Deploy.0 = Debug|iPhone
		{D126496B-982A-4539-8ED9-575484AE67A6}.Debug|iPhone.ActiveCfg = Debug|iPhone
		{D126496B-982A-4539-8ED9-575484AE67A6}.Debug|iPhone.Build.0 = Debug|iPhone
		{D126496B-982A-4539-8ED9-575484AE67A6}.Debug|iPhone.Deploy.0 = Debug|iPhone
		{D126496B-982A-4539-8ED9-575484AE67A6}.Debug|iPhoneSimulator.ActiveCfg = Debug|iPhoneSimulator
		{D126496B-982A-4539-8ED9-575484AE67A6}.Debug|iPhoneSimulator.Build.0 = Debug|iPhoneSimulator
		{D126496B-982A-4539-8ED9-575484AE67A6}.Debug|iPhoneSimulator.Deploy.0 = Debug|iPhoneSimulator
		{D126496B-982A-4539-8ED9-575484AE67A6}.Debug|x64.ActiveCfg = Debug|iPhone
		{D126496B-982A-4539-8ED9-575484AE67A6}.Debug|x64.Build.0 = Debug|iPhone
		{D126496B-982A-4539-8ED9-575484AE67A6}.Debug|x64.Deploy.0 = Debug|iPhone
		{D126496B-982A-4539-8ED9-575484AE67A6}.Debug|x86.ActiveCfg = Debug|iPhone
		{D126496B-982A-4539-8ED9-575484AE67A6}.Debug|x86.Build.0 = Debug|iPhone
		{D126496B-982A-4539-8ED9-575484AE67A6}.Debug|x86.Deploy.0 = Debug|iPhone
		{D126496B-982A-4539-8ED9-575484AE67A6}.Release|Any CPU.ActiveCfg = Release|iPhone
		{D126496B-982A-4539-8ED9-575484AE67A6}.Release|Any CPU.Build.0 = Release|iPhone
		{D126496B-982A-4539-8ED9-575484AE67A6}.Release|Any CPU.Deploy.0 = Release|iPhone
		{D126496B-982A-4539-8ED9-575484AE67A6}.Release|ARM.ActiveCfg = Release|iPhone
		{D126496B-982A-4539-8ED9-575484AE67A6}.Release|ARM.Build.0 = Release|iPhone
		{D126496B-982A-4539-8ED9-575484AE67A6}.Release|ARM.Deploy.0 = Release|iPhone
		{D126496B-982A-4539-8ED9-575484AE67A6}.Release|iPhone.ActiveCfg = Release|iPhone
		{D126496B-982A-4539-8ED9-575484AE67A6}.Release|iPhone.Build.0 = Release|iPhone
		{D126496B-982A-4539-8ED9-575484AE67A6}.Release|iPhone.Deploy.0 = Release|iPhone
		{D126496B-982A-4539-8ED9-575484AE67A6}.Release|iPhoneSimulator.ActiveCfg = Release|iPhoneSimulator
		{D126496B-982A-4539-8ED9-575484AE67A6}.Release|iPhoneSimulator.Build.0 = Release|iPhoneSimulator
		{D126496B-982A-4539-8ED9-575484AE67A6}.Release|iPhoneSimulator.Deploy.0 = Release|iPhoneSimulator
		{D126496B-982A-4539-8ED9-575484AE67A6}.Release|x64.ActiveCfg = Release|iPhone
		{D126496B-982A-4539-8ED9-575484AE67A6}.Release|x64.Build.0 = Release|iPhone
		{D126496B-982A-4539-8ED9-575484AE67A6}.Release|x64.Deploy.0 = Release|iPhone
		{D126496B-982A-4539-8ED9-575484AE67A6}.Release|x86.ActiveCfg = Release|iPhone
		{D126496B-982A-4539-8ED9-575484AE67A6}.Release|x86.Build.0 = Release|iPhone
		{D126496B-982A-4539-8ED9-575484AE67A6}.Release|x86.Deploy.0 = Release|iPhone
		{9B66D4C4-16F2-461F-9B3A-03814A2B1B63}.Debug|Any CPU.ActiveCfg = Debug|Any CPU
		{9B66D4C4-16F2-461F-9B3A-03814A2B1B63}.Debug|Any CPU.Build.0 = Debug|Any CPU
		{9B66D4C4-16F2-461F-9B3A-03814A2B1B63}.Debug|Any CPU.Deploy.0 = Debug|Any CPU
		{9B66D4C4-16F2-461F-9B3A-03814A2B1B63}.Debug|ARM.ActiveCfg = Debug|Any CPU
		{9B66D4C4-16F2-461F-9B3A-03814A2B1B63}.Debug|ARM.Build.0 = Debug|Any CPU
		{9B66D4C4-16F2-461F-9B3A-03814A2B1B63}.Debug|ARM.Deploy.0 = Debug|Any CPU
		{9B66D4C4-16F2-461F-9B3A-03814A2B1B63}.Debug|iPhone.ActiveCfg = Debug|Any CPU
		{9B66D4C4-16F2-461F-9B3A-03814A2B1B63}.Debug|iPhone.Build.0 = Debug|Any CPU
		{9B66D4C4-16F2-461F-9B3A-03814A2B1B63}.Debug|iPhone.Deploy.0 = Debug|Any CPU
		{9B66D4C4-16F2-461F-9B3A-03814A2B1B63}.Debug|iPhoneSimulator.ActiveCfg = Debug|Any CPU
		{9B66D4C4-16F2-461F-9B3A-03814A2B1B63}.Debug|iPhoneSimulator.Build.0 = Debug|Any CPU
		{9B66D4C4-16F2-461F-9B3A-03814A2B1B63}.Debug|iPhoneSimulator.Deploy.0 = Debug|Any CPU
		{9B66D4C4-16F2-461F-9B3A-03814A2B1B63}.Debug|x64.ActiveCfg = Debug|Any CPU
		{9B66D4C4-16F2-461F-9B3A-03814A2B1B63}.Debug|x64.Build.0 = Debug|Any CPU
		{9B66D4C4-16F2-461F-9B3A-03814A2B1B63}.Debug|x64.Deploy.0 = Debug|Any CPU
		{9B66D4C4-16F2-461F-9B3A-03814A2B1B63}.Debug|x86.ActiveCfg = Debug|Any CPU
		{9B66D4C4-16F2-461F-9B3A-03814A2B1B63}.Debug|x86.Build.0 = Debug|Any CPU
		{9B66D4C4-16F2-461F-9B3A-03814A2B1B63}.Debug|x86.Deploy.0 = Debug|Any CPU
		{9B66D4C4-16F2-461F-9B3A-03814A2B1B63}.Release|Any CPU.ActiveCfg = Release|Any CPU
		{9B66D4C4-16F2-461F-9B3A-03814A2B1B63}.Release|Any CPU.Build.0 = Release|Any CPU
		{9B66D4C4-16F2-461F-9B3A-03814A2B1B63}.Release|Any CPU.Deploy.0 = Release|Any CPU
		{9B66D4C4-16F2-461F-9B3A-03814A2B1B63}.Release|ARM.ActiveCfg = Release|Any CPU
		{9B66D4C4-16F2-461F-9B3A-03814A2B1B63}.Release|ARM.Build.0 = Release|Any CPU
		{9B66D4C4-16F2-461F-9B3A-03814A2B1B63}.Release|ARM.Deploy.0 = Release|Any CPU
		{9B66D4C4-16F2-461F-9B3A-03814A2B1B63}.Release|iPhone.ActiveCfg = Release|Any CPU
		{9B66D4C4-16F2-461F-9B3A-03814A2B1B63}.Release|iPhone.Build.0 = Release|Any CPU
		{9B66D4C4-16F2-461F-9B3A-03814A2B1B63}.Release|iPhone.Deploy.0 = Release|Any CPU
		{9B66D4C4-16F2-461F-9B3A-03814A2B1B63}.Release|iPhoneSimulator.ActiveCfg = Release|Any CPU
		{9B66D4C4-16F2-461F-9B3A-03814A2B1B63}.Release|iPhoneSimulator.Build.0 = Release|Any CPU
		{9B66D4C4-16F2-461F-9B3A-03814A2B1B63}.Release|iPhoneSimulator.Deploy.0 = Release|Any CPU
		{9B66D4C4-16F2-461F-9B3A-03814A2B1B63}.Release|x64.ActiveCfg = Release|Any CPU
		{9B66D4C4-16F2-461F-9B3A-03814A2B1B63}.Release|x64.Build.0 = Release|Any CPU
		{9B66D4C4-16F2-461F-9B3A-03814A2B1B63}.Release|x64.Deploy.0 = Release|Any CPU
		{9B66D4C4-16F2-461F-9B3A-03814A2B1B63}.Release|x86.ActiveCfg = Release|Any CPU
		{9B66D4C4-16F2-461F-9B3A-03814A2B1B63}.Release|x86.Build.0 = Release|Any CPU
		{9B66D4C4-16F2-461F-9B3A-03814A2B1B63}.Release|x86.Deploy.0 = Release|Any CPU
	EndGlobalSection
	GlobalSection(SolutionProperties) = preSolution
		HideSolutionNode = FALSE
	EndGlobalSection
	GlobalSection(ExtensibilityGlobals) = postSolution
		SolutionGuid = {AB9F85BC-A9AB-46A3-ABCC-39DF771C50A2}
	EndGlobalSection
EndGlobal
